// !$*UTF8*$!
{
	archiveVersion = 1;
	classes = {
	};
	objectVersion = 46;
	objects = {

/* Begin PBXBuildFile section */
		834896011A5C573500F44564 /* main.swift in Sources */ = {isa = PBXBuildFile; fileRef = 834896001A5C573500F44564 /* main.swift */; };
		834896061A5C575600F44564 /* StoryboardDumper.swift in Sources */ = {isa = PBXBuildFile; fileRef = 834896051A5C575600F44564 /* StoryboardDumper.swift */; };
		834896071A5C576800F44564 /* CodeGenTool.swift in Sources */ = {isa = PBXBuildFile; fileRef = 8383CCFD1A5B4A6E006215B5 /* CodeGenTool.swift */; };
		834896081A5C576B00F44564 /* functions.swift in Sources */ = {isa = PBXBuildFile; fileRef = 83A8B6B51A5C45860017F147 /* functions.swift */; };
		8383CCF41A5B49C7006215B5 /* main.swift in Sources */ = {isa = PBXBuildFile; fileRef = 8383CCF31A5B49C7006215B5 /* main.swift */; };
		8383CCFB1A5B49F2006215B5 /* CatalogParser.swift in Sources */ = {isa = PBXBuildFile; fileRef = 8383CCFA1A5B49F2006215B5 /* CatalogParser.swift */; };
		8383CCFE1A5B4A6E006215B5 /* CodeGenTool.swift in Sources */ = {isa = PBXBuildFile; fileRef = 8383CCFD1A5B4A6E006215B5 /* CodeGenTool.swift */; };
		83A8B6B61A5C45860017F147 /* functions.swift in Sources */ = {isa = PBXBuildFile; fileRef = 83A8B6B51A5C45860017F147 /* functions.swift */; };
/* End PBXBuildFile section */

/* Begin PBXCopyFilesBuildPhase section */
		834895FC1A5C573500F44564 /* CopyFiles */ = {
			isa = PBXCopyFilesBuildPhase;
			buildActionMask = 2147483647;
			dstPath = /usr/share/man/man1/;
			dstSubfolderSpec = 0;
			files = (
			);
			runOnlyForDeploymentPostprocessing = 1;
		};
		8383CCEE1A5B49C7006215B5 /* CopyFiles */ = {
			isa = PBXCopyFilesBuildPhase;
			buildActionMask = 2147483647;
			dstPath = /usr/share/man/man1/;
			dstSubfolderSpec = 0;
			files = (
			);
			runOnlyForDeploymentPostprocessing = 1;
		};
/* End PBXCopyFilesBuildPhase section */

/* Begin PBXFileReference section */
		834895FE1A5C573500F44564 /* identifierconstants */ = {isa = PBXFileReference; explicitFileType = "compiled.mach-o.executable"; includeInIndex = 0; path = identifierconstants; sourceTree = BUILT_PRODUCTS_DIR; };
		834896001A5C573500F44564 /* main.swift */ = {isa = PBXFileReference; lastKnownFileType = sourcecode.swift; path = main.swift; sourceTree = "<group>"; };
		834896051A5C575600F44564 /* StoryboardDumper.swift */ = {isa = PBXFileReference; fileEncoding = 4; lastKnownFileType = sourcecode.swift; path = StoryboardDumper.swift; sourceTree = "<group>"; };
		8383CCF01A5B49C7006215B5 /* swift-assetgen */ = {isa = PBXFileReference; explicitFileType = "compiled.mach-o.executable"; includeInIndex = 0; path = "swift-assetgen"; sourceTree = BUILT_PRODUCTS_DIR; };
		8383CCF31A5B49C7006215B5 /* main.swift */ = {isa = PBXFileReference; lastKnownFileType = sourcecode.swift; path = main.swift; sourceTree = "<group>"; };
		8383CCFA1A5B49F2006215B5 /* CatalogParser.swift */ = {isa = PBXFileReference; fileEncoding = 4; lastKnownFileType = sourcecode.swift; path = CatalogParser.swift; sourceTree = "<group>"; };
		8383CCFD1A5B4A6E006215B5 /* CodeGenTool.swift */ = {isa = PBXFileReference; fileEncoding = 4; lastKnownFileType = sourcecode.swift; path = CodeGenTool.swift; sourceTree = "<group>"; };
		83A8B6B51A5C45860017F147 /* functions.swift */ = {isa = PBXFileReference; fileEncoding = 4; lastKnownFileType = sourcecode.swift; path = functions.swift; sourceTree = "<group>"; };
/* End PBXFileReference section */

/* Begin PBXFrameworksBuildPhase section */
		834895FB1A5C573500F44564 /* Frameworks */ = {
			isa = PBXFrameworksBuildPhase;
			buildActionMask = 2147483647;
			files = (
			);
			runOnlyForDeploymentPostprocessing = 0;
		};
		8383CCED1A5B49C7006215B5 /* Frameworks */ = {
			isa = PBXFrameworksBuildPhase;
			buildActionMask = 2147483647;
			files = (
			);
			runOnlyForDeploymentPostprocessing = 0;
		};
/* End PBXFrameworksBuildPhase section */

/* Begin PBXGroup section */
		834895FF1A5C573500F44564 /* identifierconstants */ = {
			isa = PBXGroup;
			children = (
				834896001A5C573500F44564 /* main.swift */,
				834896051A5C575600F44564 /* StoryboardDumper.swift */,
			);
			path = identifierconstants;
			sourceTree = "<group>";
		};
		8383CCE71A5B49C7006215B5 = {
			isa = PBXGroup;
			children = (
				8383CCF21A5B49C7006215B5 /* assetgen */,
				8383CCFC1A5B4A4C006215B5 /* Shared */,
				834895FF1A5C573500F44564 /* identifierconstants */,
				8383CCF11A5B49C7006215B5 /* Products */,
			);
			sourceTree = "<group>";
		};
		8383CCF11A5B49C7006215B5 /* Products */ = {
			isa = PBXGroup;
			children = (
				8383CCF01A5B49C7006215B5 /* swift-assetgen */,
				834895FE1A5C573500F44564 /* identifierconstants */,
			);
			name = Products;
			sourceTree = "<group>";
		};
		8383CCF21A5B49C7006215B5 /* assetgen */ = {
			isa = PBXGroup;
			children = (
				8383CCF31A5B49C7006215B5 /* main.swift */,
				8383CCFA1A5B49F2006215B5 /* CatalogParser.swift */,
			);
			path = assetgen;
			sourceTree = "<group>";
		};
		8383CCFC1A5B4A4C006215B5 /* Shared */ = {
			isa = PBXGroup;
			children = (
				8383CCFD1A5B4A6E006215B5 /* CodeGenTool.swift */,
				83A8B6B51A5C45860017F147 /* functions.swift */,
			);
			path = Shared;
			sourceTree = "<group>";
		};
/* End PBXGroup section */

/* Begin PBXNativeTarget section */
		834895FD1A5C573500F44564 /* identifierconstants */ = {
			isa = PBXNativeTarget;
			buildConfigurationList = 834896021A5C573500F44564 /* Build configuration list for PBXNativeTarget "identifierconstants" */;
			buildPhases = (
				834895FA1A5C573500F44564 /* Sources */,
				834895FB1A5C573500F44564 /* Frameworks */,
				834895FC1A5C573500F44564 /* CopyFiles */,
			);
			buildRules = (
			);
			dependencies = (
			);
			name = identifierconstants;
			productName = identifierconstants;
			productReference = 834895FE1A5C573500F44564 /* identifierconstants */;
			productType = "com.apple.product-type.tool";
		};
		8383CCEF1A5B49C7006215B5 /* assetgen */ = {
			isa = PBXNativeTarget;
			buildConfigurationList = 8383CCF71A5B49C7006215B5 /* Build configuration list for PBXNativeTarget "assetgen" */;
			buildPhases = (
				8383CCEC1A5B49C7006215B5 /* Sources */,
				8383CCED1A5B49C7006215B5 /* Frameworks */,
				8383CCEE1A5B49C7006215B5 /* CopyFiles */,
			);
			buildRules = (
			);
			dependencies = (
			);
			name = assetgen;
			productName = codegenutils;
			productReference = 8383CCF01A5B49C7006215B5 /* swift-assetgen */;
			productType = "com.apple.product-type.tool";
		};
/* End PBXNativeTarget section */

/* Begin PBXProject section */
		8383CCE81A5B49C7006215B5 /* Project object */ = {
			isa = PBXProject;
			attributes = {
				LastUpgradeCheck = 0610;
				ORGANIZATIONNAME = Brightify;
				TargetAttributes = {
					834895FD1A5C573500F44564 = {
						CreatedOnToolsVersion = 6.1.1;
					};
					8383CCEF1A5B49C7006215B5 = {
						CreatedOnToolsVersion = 6.1.1;
					};
				};
			};
			buildConfigurationList = 8383CCEB1A5B49C7006215B5 /* Build configuration list for PBXProject "codegenutils" */;
			compatibilityVersion = "Xcode 3.2";
			developmentRegion = English;
			hasScannedForEncodings = 0;
			knownRegions = (
				en,
			);
			mainGroup = 8383CCE71A5B49C7006215B5;
			productRefGroup = 8383CCF11A5B49C7006215B5 /* Products */;
			projectDirPath = "";
			projectRoot = "";
			targets = (
				8383CCEF1A5B49C7006215B5 /* assetgen */,
				834895FD1A5C573500F44564 /* identifierconstants */,
			);
		};
/* End PBXProject section */

/* Begin PBXSourcesBuildPhase section */
		834895FA1A5C573500F44564 /* Sources */ = {
			isa = PBXSourcesBuildPhase;
			buildActionMask = 2147483647;
			files = (
				834896071A5C576800F44564 /* CodeGenTool.swift in Sources */,
				834896011A5C573500F44564 /* main.swift in Sources */,
				834896061A5C575600F44564 /* StoryboardDumper.swift in Sources */,
				834896081A5C576B00F44564 /* functions.swift in Sources */,
			);
			runOnlyForDeploymentPostprocessing = 0;
		};
		8383CCEC1A5B49C7006215B5 /* Sources */ = {
			isa = PBXSourcesBuildPhase;
			buildActionMask = 2147483647;
			files = (
				8383CCFE1A5B4A6E006215B5 /* CodeGenTool.swift in Sources */,
				8383CCFB1A5B49F2006215B5 /* CatalogParser.swift in Sources */,
				8383CCF41A5B49C7006215B5 /* main.swift in Sources */,
				83A8B6B61A5C45860017F147 /* functions.swift in Sources */,
			);
			runOnlyForDeploymentPostprocessing = 0;
		};
/* End PBXSourcesBuildPhase section */

/* Begin XCBuildConfiguration section */
		834896031A5C573500F44564 /* Debug */ = {
			isa = XCBuildConfiguration;
			buildSettings = {
				GCC_PREPROCESSOR_DEFINITIONS = (
					"DEBUG=1",
					"$(inherited)",
				);
				PRODUCT_NAME = "$(TARGET_NAME)";
			};
			name = Debug;
		};
		834896041A5C573500F44564 /* Release */ = {
			isa = XCBuildConfiguration;
			buildSettings = {
				PRODUCT_NAME = "$(TARGET_NAME)";
			};
			name = Release;
		};
		8383CCF51A5B49C7006215B5 /* Debug */ = {
			isa = XCBuildConfiguration;
			buildSettings = {
				ALWAYS_SEARCH_USER_PATHS = NO;
				CLANG_CXX_LANGUAGE_STANDARD = "gnu++0x";
				CLANG_CXX_LIBRARY = "libc++";
				CLANG_ENABLE_MODULES = YES;
				CLANG_ENABLE_OBJC_ARC = YES;
				CLANG_WARN_BOOL_CONVERSION = YES;
				CLANG_WARN_CONSTANT_CONVERSION = YES;
				CLANG_WARN_DIRECT_OBJC_ISA_USAGE = YES_ERROR;
				CLANG_WARN_EMPTY_BODY = YES;
				CLANG_WARN_ENUM_CONVERSION = YES;
				CLANG_WARN_INT_CONVERSION = YES;
				CLANG_WARN_OBJC_ROOT_CLASS = YES_ERROR;
				CLANG_WARN_UNREACHABLE_CODE = YES;
				CLANG_WARN__DUPLICATE_METHOD_MATCH = YES;
				COPY_PHASE_STRIP = NO;
				ENABLE_STRICT_OBJC_MSGSEND = YES;
				GCC_C_LANGUAGE_STANDARD = gnu99;
				GCC_DYNAMIC_NO_PIC = NO;
				GCC_OPTIMIZATION_LEVEL = 0;
				GCC_PREPROCESSOR_DEFINITIONS = (
					"DEBUG=1",
					"$(inherited)",
				);
				GCC_SYMBOLS_PRIVATE_EXTERN = NO;
				GCC_WARN_64_TO_32_BIT_CONVERSION = YES;
				GCC_WARN_ABOUT_RETURN_TYPE = YES_ERROR;
				GCC_WARN_UNDECLARED_SELECTOR = YES;
				GCC_WARN_UNINITIALIZED_AUTOS = YES_AGGRESSIVE;
				GCC_WARN_UNUSED_FUNCTION = YES;
				GCC_WARN_UNUSED_VARIABLE = YES;
				MACOSX_DEPLOYMENT_TARGET = 10.10;
				MTL_ENABLE_DEBUG_INFO = YES;
				ONLY_ACTIVE_ARCH = YES;
				SDKROOT = macosx;
				SWIFT_OPTIMIZATION_LEVEL = "-Onone";
			};
			name = Debug;
		};
		8383CCF61A5B49C7006215B5 /* Release */ = {
			isa = XCBuildConfiguration;
			buildSettings = {
				ALWAYS_SEARCH_USER_PATHS = NO;
				CLANG_CXX_LANGUAGE_STANDARD = "gnu++0x";
				CLANG_CXX_LIBRARY = "libc++";
				CLANG_ENABLE_MODULES = YES;
				CLANG_ENABLE_OBJC_ARC = YES;
				CLANG_WARN_BOOL_CONVERSION = YES;
				CLANG_WARN_CONSTANT_CONVERSION = YES;
				CLANG_WARN_DIRECT_OBJC_ISA_USAGE = YES_ERROR;
				CLANG_WARN_EMPTY_BODY = YES;
				CLANG_WARN_ENUM_CONVERSION = YES;
				CLANG_WARN_INT_CONVERSION = YES;
				CLANG_WARN_OBJC_ROOT_CLASS = YES_ERROR;
				CLANG_WARN_UNREACHABLE_CODE = YES;
				CLANG_WARN__DUPLICATE_METHOD_MATCH = YES;
				COPY_PHASE_STRIP = YES;
				DEBUG_INFORMATION_FORMAT = "dwarf-with-dsym";
				ENABLE_NS_ASSERTIONS = NO;
				ENABLE_STRICT_OBJC_MSGSEND = YES;
				GCC_C_LANGUAGE_STANDARD = gnu99;
				GCC_WARN_64_TO_32_BIT_CONVERSION = YES;
				GCC_WARN_ABOUT_RETURN_TYPE = YES_ERROR;
				GCC_WARN_UNDECLARED_SELECTOR = YES;
				GCC_WARN_UNINITIALIZED_AUTOS = YES_AGGRESSIVE;
				GCC_WARN_UNUSED_FUNCTION = YES;
				GCC_WARN_UNUSED_VARIABLE = YES;
				MACOSX_DEPLOYMENT_TARGET = 10.10;
				MTL_ENABLE_DEBUG_INFO = NO;
				SDKROOT = macosx;
			};
			name = Release;
		};
		8383CCF81A5B49C7006215B5 /* Debug */ = {
			isa = XCBuildConfiguration;
			buildSettings = {
				PRODUCT_NAME = "swift-assetgen";
			};
			name = Debug;
		};
		8383CCF91A5B49C7006215B5 /* Release */ = {
			isa = XCBuildConfiguration;
			buildSettings = {
				PRODUCT_NAME = "swift-assetgen";
			};
			name = Release;
		};
/* End XCBuildConfiguration section */

/* Begin XCConfigurationList section */
		834896021A5C573500F44564 /* Build configuration list for PBXNativeTarget "identifierconstants" */ = {
			isa = XCConfigurationList;
			buildConfigurations = (
				834896031A5C573500F44564 /* Debug */,
				834896041A5C573500F44564 /* Release */,
			);
			defaultConfigurationIsVisible = 0;
		};
		8383CCEB1A5B49C7006215B5 /* Build configuration list for PBXProject "codegenutils" */ = {
			isa = XCConfigurationList;
			buildConfigurations = (
				8383CCF51A5B49C7006215B5 /* Debug */,
				8383CCF61A5B49C7006215B5 /* Release */,
			);
			defaultConfigurationIsVisible = 0;
			defaultConfigurationName = Release;
		};
		8383CCF71A5B49C7006215B5 /* Build configuration list for PBXNativeTarget "assetgen" */ = {
			isa = XCConfigurationList;
			buildConfigurations = (
				8383CCF81A5B49C7006215B5 /* Debug */,
				8383CCF91A5B49C7006215B5 /* Release */,
			);
			defaultConfigurationIsVisible = 0;
			defaultConfigurationName = Release;
		};
/* End XCConfigurationList section */
	};
	rootObject = 8383CCE81A5B49C7006215B5 /* Project object */;
}
